uuid: 9c701ef6-3074-4e35-a7bb-a37cb5a3f9c7
langcode: en
status: true
dependencies:
  module:
    - social_search
    - system
  theme:
    - socialblue
id: searchheroblock
theme: socialblue
region: hero
weight: 0
provider: null
plugin: search_hero_block
settings:
  id: search_hero_block
  label: 'Search hero block'
  provider: social_search
  label_display: visible
visibility:
  request_path:
    id: request_path
    pages: "/search/content\r\n/search/content/*\r\n/search/users\r\n/search/users/*\r\n/search/groups\r\n/search/groups/*\r\n/search/all\r\n/search/all/*"
    negate: false
    context_mapping: {  }
