uuid: f875323c-d8a8-4d29-9c66-956adb7b3d8b
langcode: en
status: true
dependencies:
  module:
    - social_user
    - user
  theme:
    - socialblue
id: accountheaderblock
theme: socialblue
region: header
weight: -12
provider: null
plugin: account_header_block
settings:
  id: account_header_block
  label: 'Account header block'
  provider: social_user
  label_display: '0'
  context_mapping:
    user: '@user.current_user_context:current_user'
visibility:
  user_role:
    id: user_role
    roles:
      authenticated: authenticated
      administrator: administrator
    negate: false
    context_mapping:
      user: '@user.current_user_context:current_user'
