uuid: 2fb4bb6e-9b44-4ee6-8aaf-caa7631b4655
langcode: en
status: true
dependencies:
  module:
    - social_group
    - system
  theme:
    - socialblue
id: groupaddblock
theme: socialblue
region: complementary_top
weight: -18
provider: null
plugin: group_add_block
settings:
  id: group_add_block
  label: 'Group add block'
  provider: social_group
  label_display: '0'
visibility:
  request_path:
    id: request_path
    pages: '/user/*/groups'
    negate: false
    context_mapping: {  }
