uuid: 2b4708d0-8bd4-4118-9266-bc283cde0b3f
langcode: en
status: true
dependencies:
  module:
    - social_profile
    - system
  theme:
    - socialblue
id: profileheroblock
theme: socialblue
region: hero
weight: 0
provider: null
plugin: profile_hero_block
settings:
  id: profile_hero_block
  label: 'Profile hero block'
  provider: social_profile
  label_display: '0'
  context_mapping:
    user: '@user.current_user_context:current_user'
visibility:
  request_path:
    id: request_path
    pages: "/user\r\n/user/*/stream\r\n/user/*/events\r\n/user/*/topics\r\n/user/*/real_estates\r\n/user/*/groups\r\n/user/*/information"
    negate: false
    context_mapping: {  }
